
Microsoft Visual Studio Solution File, Format Version 12.00
# Visual Studio Version 16
VisualStudioVersion = 16.0.28922.388
MinimumVisualStudioVersion = 10.0.40219.1
Project("{E24C65DC-7377-472B-9ABA-BC803B73C61A}") = "Web", "Web\", "{41876751-E07F-41AA-BD60-A6EFE39DE150}"
	ProjectSection(WebsiteProperties) = preProject
		SccProjectName = ""
		SccAuxPath = ""
		SccLocalPath = ""
		SccProvider = ""
		TargetFrameworkMoniker = ".NETFramework,Version%3Dv4.0"
		ProjectReferences = "{F0285C5E-B164-471A-A816-8608410B6112}|HXD.DALFactory.dll;{B21EC49A-7A9C-4C6A-965C-4926C51F896D}|HXD.DBUtility.dll;{DE2A9F9A-6820-4A11-BEA5-41348E7F8C78}|HXD.IDAL.dll;{197C80A5-3A05-4A0E-A4EB-3A69F066B9BC}|HXD.Model.dll;{F43517A4-FBA5-4431-9696-5842473F04A7}|HXD.SQLServerDAL.dll;{43D564E1-1193-4E8A-8A71-0D5E102198D3}|HXD.ModelField.dll;{A35AEF08-97B2-4417-8FAB-EDEF8122AA30}|HXD.BLL.dll;{0B8D78D5-E320-4026-8266-282AF7D8CEF1}|HXD.Common.dll;{8AA415A0-5DB9-47D7-807F-A6CD8208D683}|HXD.Measure.dll;{C3F1452F-D17C-4816-8D1B-C43D7072E34A}|HXD.Template.dll;"
		Debug.AspNetCompiler.VirtualPath = "/Web"
		Debug.AspNetCompiler.PhysicalPath = "Web\"
		Debug.AspNetCompiler.TargetPath = "PrecompiledWeb\Web\"
		Debug.AspNetCompiler.Updateable = "true"
		Debug.AspNetCompiler.ForceOverwrite = "true"
		Debug.AspNetCompiler.FixedNames = "false"
		Debug.AspNetCompiler.Debug = "True"
		Release.AspNetCompiler.VirtualPath = "/Web"
		Release.AspNetCompiler.PhysicalPath = "Web\"
		Release.AspNetCompiler.TargetPath = "PrecompiledWeb\Web\"
		Release.AspNetCompiler.Updateable = "true"
		Release.AspNetCompiler.ForceOverwrite = "true"
		Release.AspNetCompiler.FixedNames = "false"
		Release.AspNetCompiler.Debug = "False"
		VWDPort = "50920"
		SlnRelativePath = "Web\"
		DefaultWebSiteLanguage = "Visual C#"
	EndProjectSection
	ProjectSection(ProjectDependencies) = postProject
		{C3F1452F-D17C-4816-8D1B-C43D7072E34A} = {C3F1452F-D17C-4816-8D1B-C43D7072E34A}
	EndProjectSection
EndProject
Project("{FAE04EC0-301F-11D3-BF4B-00C04F79EFBC}") = "HXD.BLL", "HXD.BLL\HXD.BLL.csproj", "{A35AEF08-97B2-4417-8FAB-EDEF8122AA30}"
EndProject
Project("{FAE04EC0-301F-11D3-BF4B-00C04F79EFBC}") = "HXD.DALFactory", "HXD.DALFactory\HXD.DALFactory.csproj", "{F0285C5E-B164-471A-A816-8608410B6112}"
EndProject
Project("{FAE04EC0-301F-11D3-BF4B-00C04F79EFBC}") = "HXD.DBUtility", "HXD.DBUtility\HXD.DBUtility.csproj", "{B21EC49A-7A9C-4C6A-965C-4926C51F896D}"
EndProject
Project("{FAE04EC0-301F-11D3-BF4B-00C04F79EFBC}") = "HXD.IDAL", "HXD.IDAL\HXD.IDAL.csproj", "{DE2A9F9A-6820-4A11-BEA5-41348E7F8C78}"
EndProject
Project("{FAE04EC0-301F-11D3-BF4B-00C04F79EFBC}") = "HXD.Model", "HXD.Model\HXD.Model.csproj", "{197C80A5-3A05-4A0E-A4EB-3A69F066B9BC}"
EndProject
Project("{FAE04EC0-301F-11D3-BF4B-00C04F79EFBC}") = "HXD.ModelField", "HXD.ModelField\HXD.ModelField.csproj", "{43D564E1-1193-4E8A-8A71-0D5E102198D3}"
EndProject
Project("{FAE04EC0-301F-11D3-BF4B-00C04F79EFBC}") = "HXD.SQLServerDAL", "HXD.SQLServerDAL\HXD.SQLServerDAL.csproj", "{F43517A4-FBA5-4431-9696-5842473F04A7}"
EndProject
Project("{FAE04EC0-301F-11D3-BF4B-00C04F79EFBC}") = "HXD.Template", "HXD.Template\HXD.Template.csproj", "{C3F1452F-D17C-4816-8D1B-C43D7072E34A}"
EndProject
Project("{FAE04EC0-301F-11D3-BF4B-00C04F79EFBC}") = "HXD.Common", "HXD.Common\HXD.Common.csproj", "{0B8D78D5-E320-4026-8266-282AF7D8CEF1}"
EndProject
Project("{FAE04EC0-301F-11D3-BF4B-00C04F79EFBC}") = "HXD.Measure", "HXD.Measure\HXD.Measure.csproj", "{8AA415A0-5DB9-47D7-807F-A6CD8208D683}"
EndProject
Global
	GlobalSection(SolutionConfigurationPlatforms) = preSolution
		Debug|.NET = Debug|.NET
		Debug|Any CPU = Debug|Any CPU
		Debug|Mixed Platforms = Debug|Mixed Platforms
		Debug|x64 = Debug|x64
		Debug|X86 = Debug|X86
		Release|.NET = Release|.NET
		Release|Any CPU = Release|Any CPU
		Release|Mixed Platforms = Release|Mixed Platforms
		Release|x64 = Release|x64
		Release|X86 = Release|X86
	EndGlobalSection
	GlobalSection(ProjectConfigurationPlatforms) = postSolution
		{41876751-E07F-41AA-BD60-A6EFE39DE150}.Debug|.NET.ActiveCfg = Debug|Any CPU
		{41876751-E07F-41AA-BD60-A6EFE39DE150}.Debug|Any CPU.ActiveCfg = Debug|Any CPU
		{41876751-E07F-41AA-BD60-A6EFE39DE150}.Debug|Any CPU.Build.0 = Debug|Any CPU
		{41876751-E07F-41AA-BD60-A6EFE39DE150}.Debug|Mixed Platforms.ActiveCfg = Debug|Any CPU
		{41876751-E07F-41AA-BD60-A6EFE39DE150}.Debug|Mixed Platforms.Build.0 = Debug|Any CPU
		{41876751-E07F-41AA-BD60-A6EFE39DE150}.Debug|x64.ActiveCfg = Debug|Any CPU
		{41876751-E07F-41AA-BD60-A6EFE39DE150}.Debug|x64.Build.0 = Debug|Any CPU
		{41876751-E07F-41AA-BD60-A6EFE39DE150}.Debug|X86.ActiveCfg = Debug|Any CPU
		{41876751-E07F-41AA-BD60-A6EFE39DE150}.Debug|X86.Build.0 = Debug|Any CPU
		{41876751-E07F-41AA-BD60-A6EFE39DE150}.Release|.NET.ActiveCfg = Debug|Any CPU
		{41876751-E07F-41AA-BD60-A6EFE39DE150}.Release|Any CPU.ActiveCfg = Debug|Any CPU
		{41876751-E07F-41AA-BD60-A6EFE39DE150}.Release|Any CPU.Build.0 = Debug|Any CPU
		{41876751-E07F-41AA-BD60-A6EFE39DE150}.Release|Mixed Platforms.ActiveCfg = Debug|Any CPU
		{41876751-E07F-41AA-BD60-A6EFE39DE150}.Release|Mixed Platforms.Build.0 = Debug|Any CPU
		{41876751-E07F-41AA-BD60-A6EFE39DE150}.Release|x64.ActiveCfg = Debug|Any CPU
		{41876751-E07F-41AA-BD60-A6EFE39DE150}.Release|x64.Build.0 = Debug|Any CPU
		{41876751-E07F-41AA-BD60-A6EFE39DE150}.Release|X86.ActiveCfg = Debug|Any CPU
		{A35AEF08-97B2-4417-8FAB-EDEF8122AA30}.Debug|.NET.ActiveCfg = Debug|Any CPU
		{A35AEF08-97B2-4417-8FAB-EDEF8122AA30}.Debug|Any CPU.ActiveCfg = Debug|Any CPU
		{A35AEF08-97B2-4417-8FAB-EDEF8122AA30}.Debug|Any CPU.Build.0 = Debug|Any CPU
		{A35AEF08-97B2-4417-8FAB-EDEF8122AA30}.Debug|Mixed Platforms.ActiveCfg = Debug|Any CPU
		{A35AEF08-97B2-4417-8FAB-EDEF8122AA30}.Debug|Mixed Platforms.Build.0 = Debug|Any CPU
		{A35AEF08-97B2-4417-8FAB-EDEF8122AA30}.Debug|x64.ActiveCfg = Debug|x64
		{A35AEF08-97B2-4417-8FAB-EDEF8122AA30}.Debug|x64.Build.0 = Debug|x64
		{A35AEF08-97B2-4417-8FAB-EDEF8122AA30}.Debug|X86.ActiveCfg = Debug|X86
		{A35AEF08-97B2-4417-8FAB-EDEF8122AA30}.Debug|X86.Build.0 = Debug|X86
		{A35AEF08-97B2-4417-8FAB-EDEF8122AA30}.Release|.NET.ActiveCfg = Release|Any CPU
		{A35AEF08-97B2-4417-8FAB-EDEF8122AA30}.Release|Any CPU.ActiveCfg = Debug|Any CPU
		{A35AEF08-97B2-4417-8FAB-EDEF8122AA30}.Release|Any CPU.Build.0 = Debug|Any CPU
		{A35AEF08-97B2-4417-8FAB-EDEF8122AA30}.Release|Mixed Platforms.ActiveCfg = Release|Any CPU
		{A35AEF08-97B2-4417-8FAB-EDEF8122AA30}.Release|Mixed Platforms.Build.0 = Release|Any CPU
		{A35AEF08-97B2-4417-8FAB-EDEF8122AA30}.Release|x64.ActiveCfg = Release|x64
		{A35AEF08-97B2-4417-8FAB-EDEF8122AA30}.Release|x64.Build.0 = Release|x64
		{A35AEF08-97B2-4417-8FAB-EDEF8122AA30}.Release|X86.ActiveCfg = Debug|Any CPU
		{A35AEF08-97B2-4417-8FAB-EDEF8122AA30}.Release|X86.Build.0 = Debug|Any CPU
		{F0285C5E-B164-471A-A816-8608410B6112}.Debug|.NET.ActiveCfg = Debug|Any CPU
		{F0285C5E-B164-471A-A816-8608410B6112}.Debug|Any CPU.ActiveCfg = Debug|Any CPU
		{F0285C5E-B164-471A-A816-8608410B6112}.Debug|Any CPU.Build.0 = Debug|Any CPU
		{F0285C5E-B164-471A-A816-8608410B6112}.Debug|Mixed Platforms.ActiveCfg = Debug|Any CPU
		{F0285C5E-B164-471A-A816-8608410B6112}.Debug|Mixed Platforms.Build.0 = Debug|Any CPU
		{F0285C5E-B164-471A-A816-8608410B6112}.Debug|x64.ActiveCfg = Debug|x64
		{F0285C5E-B164-471A-A816-8608410B6112}.Debug|x64.Build.0 = Debug|x64
		{F0285C5E-B164-471A-A816-8608410B6112}.Debug|X86.ActiveCfg = Debug|X86
		{F0285C5E-B164-471A-A816-8608410B6112}.Debug|X86.Build.0 = Debug|X86
		{F0285C5E-B164-471A-A816-8608410B6112}.Release|.NET.ActiveCfg = Release|Any CPU
		{F0285C5E-B164-471A-A816-8608410B6112}.Release|Any CPU.ActiveCfg = Release|Any CPU
		{F0285C5E-B164-471A-A816-8608410B6112}.Release|Any CPU.Build.0 = Release|Any CPU
		{F0285C5E-B164-471A-A816-8608410B6112}.Release|Mixed Platforms.ActiveCfg = Release|Any CPU
		{F0285C5E-B164-471A-A816-8608410B6112}.Release|Mixed Platforms.Build.0 = Release|Any CPU
		{F0285C5E-B164-471A-A816-8608410B6112}.Release|x64.ActiveCfg = Release|x64
		{F0285C5E-B164-471A-A816-8608410B6112}.Release|x64.Build.0 = Release|x64
		{F0285C5E-B164-471A-A816-8608410B6112}.Release|X86.ActiveCfg = Debug|Any CPU
		{F0285C5E-B164-471A-A816-8608410B6112}.Release|X86.Build.0 = Debug|Any CPU
		{B21EC49A-7A9C-4C6A-965C-4926C51F896D}.Debug|.NET.ActiveCfg = Debug|Any CPU
		{B21EC49A-7A9C-4C6A-965C-4926C51F896D}.Debug|Any CPU.ActiveCfg = Debug|Any CPU
		{B21EC49A-7A9C-4C6A-965C-4926C51F896D}.Debug|Any CPU.Build.0 = Debug|Any CPU
		{B21EC49A-7A9C-4C6A-965C-4926C51F896D}.Debug|Mixed Platforms.ActiveCfg = Debug|Any CPU
		{B21EC49A-7A9C-4C6A-965C-4926C51F896D}.Debug|Mixed Platforms.Build.0 = Debug|Any CPU
		{B21EC49A-7A9C-4C6A-965C-4926C51F896D}.Debug|x64.ActiveCfg = Debug|x64
		{B21EC49A-7A9C-4C6A-965C-4926C51F896D}.Debug|x64.Build.0 = Debug|x64
		{B21EC49A-7A9C-4C6A-965C-4926C51F896D}.Debug|X86.ActiveCfg = Debug|X86
		{B21EC49A-7A9C-4C6A-965C-4926C51F896D}.Debug|X86.Build.0 = Debug|X86
		{B21EC49A-7A9C-4C6A-965C-4926C51F896D}.Release|.NET.ActiveCfg = Release|Any CPU
		{B21EC49A-7A9C-4C6A-965C-4926C51F896D}.Release|Any CPU.ActiveCfg = Release|Any CPU
		{B21EC49A-7A9C-4C6A-965C-4926C51F896D}.Release|Any CPU.Build.0 = Release|Any CPU
		{B21EC49A-7A9C-4C6A-965C-4926C51F896D}.Release|Mixed Platforms.ActiveCfg = Release|Any CPU
		{B21EC49A-7A9C-4C6A-965C-4926C51F896D}.Release|Mixed Platforms.Build.0 = Release|Any CPU
		{B21EC49A-7A9C-4C6A-965C-4926C51F896D}.Release|x64.ActiveCfg = Release|x64
		{B21EC49A-7A9C-4C6A-965C-4926C51F896D}.Release|x64.Build.0 = Release|x64
		{B21EC49A-7A9C-4C6A-965C-4926C51F896D}.Release|X86.ActiveCfg = Debug|Any CPU
		{B21EC49A-7A9C-4C6A-965C-4926C51F896D}.Release|X86.Build.0 = Debug|Any CPU
		{DE2A9F9A-6820-4A11-BEA5-41348E7F8C78}.Debug|.NET.ActiveCfg = Debug|Any CPU
		{DE2A9F9A-6820-4A11-BEA5-41348E7F8C78}.Debug|Any CPU.ActiveCfg = Debug|Any CPU
		{DE2A9F9A-6820-4A11-BEA5-41348E7F8C78}.Debug|Any CPU.Build.0 = Debug|Any CPU
		{DE2A9F9A-6820-4A11-BEA5-41348E7F8C78}.Debug|Mixed Platforms.ActiveCfg = Debug|Any CPU
		{DE2A9F9A-6820-4A11-BEA5-41348E7F8C78}.Debug|Mixed Platforms.Build.0 = Debug|Any CPU
		{DE2A9F9A-6820-4A11-BEA5-41348E7F8C78}.Debug|x64.ActiveCfg = Debug|x64
		{DE2A9F9A-6820-4A11-BEA5-41348E7F8C78}.Debug|x64.Build.0 = Debug|x64
		{DE2A9F9A-6820-4A11-BEA5-41348E7F8C78}.Debug|X86.ActiveCfg = Debug|X86
		{DE2A9F9A-6820-4A11-BEA5-41348E7F8C78}.Debug|X86.Build.0 = Debug|X86
		{DE2A9F9A-6820-4A11-BEA5-41348E7F8C78}.Release|.NET.ActiveCfg = Release|Any CPU
		{DE2A9F9A-6820-4A11-BEA5-41348E7F8C78}.Release|Any CPU.ActiveCfg = Release|Any CPU
		{DE2A9F9A-6820-4A11-BEA5-41348E7F8C78}.Release|Any CPU.Build.0 = Release|Any CPU
		{DE2A9F9A-6820-4A11-BEA5-41348E7F8C78}.Release|Mixed Platforms.ActiveCfg = Release|Any CPU
		{DE2A9F9A-6820-4A11-BEA5-41348E7F8C78}.Release|Mixed Platforms.Build.0 = Release|Any CPU
		{DE2A9F9A-6820-4A11-BEA5-41348E7F8C78}.Release|x64.ActiveCfg = Release|x64
		{DE2A9F9A-6820-4A11-BEA5-41348E7F8C78}.Release|x64.Build.0 = Release|x64
		{DE2A9F9A-6820-4A11-BEA5-41348E7F8C78}.Release|X86.ActiveCfg = Debug|Any CPU
		{DE2A9F9A-6820-4A11-BEA5-41348E7F8C78}.Release|X86.Build.0 = Debug|Any CPU
		{197C80A5-3A05-4A0E-A4EB-3A69F066B9BC}.Debug|.NET.ActiveCfg = Debug|Any CPU
		{197C80A5-3A05-4A0E-A4EB-3A69F066B9BC}.Debug|Any CPU.ActiveCfg = Debug|Any CPU
		{197C80A5-3A05-4A0E-A4EB-3A69F066B9BC}.Debug|Any CPU.Build.0 = Debug|Any CPU
		{197C80A5-3A05-4A0E-A4EB-3A69F066B9BC}.Debug|Mixed Platforms.ActiveCfg = Debug|Any CPU
		{197C80A5-3A05-4A0E-A4EB-3A69F066B9BC}.Debug|Mixed Platforms.Build.0 = Debug|Any CPU
		{197C80A5-3A05-4A0E-A4EB-3A69F066B9BC}.Debug|x64.ActiveCfg = Debug|x64
		{197C80A5-3A05-4A0E-A4EB-3A69F066B9BC}.Debug|x64.Build.0 = Debug|x64
		{197C80A5-3A05-4A0E-A4EB-3A69F066B9BC}.Debug|X86.ActiveCfg = Debug|X86
		{197C80A5-3A05-4A0E-A4EB-3A69F066B9BC}.Debug|X86.Build.0 = Debug|X86
		{197C80A5-3A05-4A0E-A4EB-3A69F066B9BC}.Release|.NET.ActiveCfg = Release|Any CPU
		{197C80A5-3A05-4A0E-A4EB-3A69F066B9BC}.Release|Any CPU.ActiveCfg = Release|Any CPU
		{197C80A5-3A05-4A0E-A4EB-3A69F066B9BC}.Release|Any CPU.Build.0 = Release|Any CPU
		{197C80A5-3A05-4A0E-A4EB-3A69F066B9BC}.Release|Mixed Platforms.ActiveCfg = Release|Any CPU
		{197C80A5-3A05-4A0E-A4EB-3A69F066B9BC}.Release|Mixed Platforms.Build.0 = Release|Any CPU
		{197C80A5-3A05-4A0E-A4EB-3A69F066B9BC}.Release|x64.ActiveCfg = Release|x64
		{197C80A5-3A05-4A0E-A4EB-3A69F066B9BC}.Release|x64.Build.0 = Release|x64
		{197C80A5-3A05-4A0E-A4EB-3A69F066B9BC}.Release|X86.ActiveCfg = Debug|Any CPU
		{197C80A5-3A05-4A0E-A4EB-3A69F066B9BC}.Release|X86.Build.0 = Debug|Any CPU
		{43D564E1-1193-4E8A-8A71-0D5E102198D3}.Debug|.NET.ActiveCfg = Debug|Any CPU
		{43D564E1-1193-4E8A-8A71-0D5E102198D3}.Debug|Any CPU.ActiveCfg = Debug|Any CPU
		{43D564E1-1193-4E8A-8A71-0D5E102198D3}.Debug|Any CPU.Build.0 = Debug|Any CPU
		{43D564E1-1193-4E8A-8A71-0D5E102198D3}.Debug|Mixed Platforms.ActiveCfg = Debug|Any CPU
		{43D564E1-1193-4E8A-8A71-0D5E102198D3}.Debug|Mixed Platforms.Build.0 = Debug|Any CPU
		{43D564E1-1193-4E8A-8A71-0D5E102198D3}.Debug|x64.ActiveCfg = Debug|x64
		{43D564E1-1193-4E8A-8A71-0D5E102198D3}.Debug|x64.Build.0 = Debug|x64
		{43D564E1-1193-4E8A-8A71-0D5E102198D3}.Debug|X86.ActiveCfg = Debug|X86
		{43D564E1-1193-4E8A-8A71-0D5E102198D3}.Debug|X86.Build.0 = Debug|X86
		{43D564E1-1193-4E8A-8A71-0D5E102198D3}.Release|.NET.ActiveCfg = Release|Any CPU
		{43D564E1-1193-4E8A-8A71-0D5E102198D3}.Release|Any CPU.ActiveCfg = Release|Any CPU
		{43D564E1-1193-4E8A-8A71-0D5E102198D3}.Release|Any CPU.Build.0 = Release|Any CPU
		{43D564E1-1193-4E8A-8A71-0D5E102198D3}.Release|Mixed Platforms.ActiveCfg = Release|Any CPU
		{43D564E1-1193-4E8A-8A71-0D5E102198D3}.Release|Mixed Platforms.Build.0 = Release|Any CPU
		{43D564E1-1193-4E8A-8A71-0D5E102198D3}.Release|x64.ActiveCfg = Release|x64
		{43D564E1-1193-4E8A-8A71-0D5E102198D3}.Release|x64.Build.0 = Release|x64
		{43D564E1-1193-4E8A-8A71-0D5E102198D3}.Release|X86.ActiveCfg = Debug|Any CPU
		{43D564E1-1193-4E8A-8A71-0D5E102198D3}.Release|X86.Build.0 = Debug|Any CPU
		{F43517A4-FBA5-4431-9696-5842473F04A7}.Debug|.NET.ActiveCfg = Debug|Any CPU
		{F43517A4-FBA5-4431-9696-5842473F04A7}.Debug|Any CPU.ActiveCfg = Debug|Any CPU
		{F43517A4-FBA5-4431-9696-5842473F04A7}.Debug|Any CPU.Build.0 = Debug|Any CPU
		{F43517A4-FBA5-4431-9696-5842473F04A7}.Debug|Mixed Platforms.ActiveCfg = Debug|Any CPU
		{F43517A4-FBA5-4431-9696-5842473F04A7}.Debug|Mixed Platforms.Build.0 = Debug|Any CPU
		{F43517A4-FBA5-4431-9696-5842473F04A7}.Debug|x64.ActiveCfg = Debug|x64
		{F43517A4-FBA5-4431-9696-5842473F04A7}.Debug|x64.Build.0 = Debug|x64
		{F43517A4-FBA5-4431-9696-5842473F04A7}.Debug|X86.ActiveCfg = Debug|X86
		{F43517A4-FBA5-4431-9696-5842473F04A7}.Debug|X86.Build.0 = Debug|X86
		{F43517A4-FBA5-4431-9696-5842473F04A7}.Release|.NET.ActiveCfg = Release|Any CPU
		{F43517A4-FBA5-4431-9696-5842473F04A7}.Release|Any CPU.ActiveCfg = Release|Any CPU
		{F43517A4-FBA5-4431-9696-5842473F04A7}.Release|Any CPU.Build.0 = Release|Any CPU
		{F43517A4-FBA5-4431-9696-5842473F04A7}.Release|Mixed Platforms.ActiveCfg = Release|Any CPU
		{F43517A4-FBA5-4431-9696-5842473F04A7}.Release|Mixed Platforms.Build.0 = Release|Any CPU
		{F43517A4-FBA5-4431-9696-5842473F04A7}.Release|x64.ActiveCfg = Release|x64
		{F43517A4-FBA5-4431-9696-5842473F04A7}.Release|x64.Build.0 = Release|x64
		{F43517A4-FBA5-4431-9696-5842473F04A7}.Release|X86.ActiveCfg = Debug|Any CPU
		{F43517A4-FBA5-4431-9696-5842473F04A7}.Release|X86.Build.0 = Debug|Any CPU
		{C3F1452F-D17C-4816-8D1B-C43D7072E34A}.Debug|.NET.ActiveCfg = Debug|Any CPU
		{C3F1452F-D17C-4816-8D1B-C43D7072E34A}.Debug|Any CPU.ActiveCfg = Debug|Any CPU
		{C3F1452F-D17C-4816-8D1B-C43D7072E34A}.Debug|Any CPU.Build.0 = Debug|Any CPU
		{C3F1452F-D17C-4816-8D1B-C43D7072E34A}.Debug|Mixed Platforms.ActiveCfg = Debug|Any CPU
		{C3F1452F-D17C-4816-8D1B-C43D7072E34A}.Debug|Mixed Platforms.Build.0 = Debug|Any CPU
		{C3F1452F-D17C-4816-8D1B-C43D7072E34A}.Debug|x64.ActiveCfg = Debug|x64
		{C3F1452F-D17C-4816-8D1B-C43D7072E34A}.Debug|x64.Build.0 = Debug|x64
		{C3F1452F-D17C-4816-8D1B-C43D7072E34A}.Debug|X86.ActiveCfg = Debug|X86
		{C3F1452F-D17C-4816-8D1B-C43D7072E34A}.Debug|X86.Build.0 = Debug|X86
		{C3F1452F-D17C-4816-8D1B-C43D7072E34A}.Release|.NET.ActiveCfg = Release|Any CPU
		{C3F1452F-D17C-4816-8D1B-C43D7072E34A}.Release|Any CPU.ActiveCfg = Release|Any CPU
		{C3F1452F-D17C-4816-8D1B-C43D7072E34A}.Release|Any CPU.Build.0 = Release|Any CPU
		{C3F1452F-D17C-4816-8D1B-C43D7072E34A}.Release|Mixed Platforms.ActiveCfg = Release|Any CPU
		{C3F1452F-D17C-4816-8D1B-C43D7072E34A}.Release|Mixed Platforms.Build.0 = Release|Any CPU
		{C3F1452F-D17C-4816-8D1B-C43D7072E34A}.Release|x64.ActiveCfg = Release|x64
		{C3F1452F-D17C-4816-8D1B-C43D7072E34A}.Release|x64.Build.0 = Release|x64
		{C3F1452F-D17C-4816-8D1B-C43D7072E34A}.Release|X86.ActiveCfg = Debug|Any CPU
		{C3F1452F-D17C-4816-8D1B-C43D7072E34A}.Release|X86.Build.0 = Debug|Any CPU
		{0B8D78D5-E320-4026-8266-282AF7D8CEF1}.Debug|.NET.ActiveCfg = Debug|X86
		{0B8D78D5-E320-4026-8266-282AF7D8CEF1}.Debug|Any CPU.ActiveCfg = Debug|Any CPU
		{0B8D78D5-E320-4026-8266-282AF7D8CEF1}.Debug|Any CPU.Build.0 = Debug|Any CPU
		{0B8D78D5-E320-4026-8266-282AF7D8CEF1}.Debug|Mixed Platforms.ActiveCfg = Debug|X86
		{0B8D78D5-E320-4026-8266-282AF7D8CEF1}.Debug|Mixed Platforms.Build.0 = Debug|X86
		{0B8D78D5-E320-4026-8266-282AF7D8CEF1}.Debug|x64.ActiveCfg = Debug|x64
		{0B8D78D5-E320-4026-8266-282AF7D8CEF1}.Debug|x64.Build.0 = Debug|x64
		{0B8D78D5-E320-4026-8266-282AF7D8CEF1}.Debug|X86.ActiveCfg = Debug|X86
		{0B8D78D5-E320-4026-8266-282AF7D8CEF1}.Debug|X86.Build.0 = Debug|X86
		{0B8D78D5-E320-4026-8266-282AF7D8CEF1}.Release|.NET.ActiveCfg = Release|X86
		{0B8D78D5-E320-4026-8266-282AF7D8CEF1}.Release|Any CPU.ActiveCfg = Release|Any CPU
		{0B8D78D5-E320-4026-8266-282AF7D8CEF1}.Release|Any CPU.Build.0 = Release|Any CPU
		{0B8D78D5-E320-4026-8266-282AF7D8CEF1}.Release|Mixed Platforms.ActiveCfg = Release|X86
		{0B8D78D5-E320-4026-8266-282AF7D8CEF1}.Release|Mixed Platforms.Build.0 = Release|X86
		{0B8D78D5-E320-4026-8266-282AF7D8CEF1}.Release|x64.ActiveCfg = Release|x64
		{0B8D78D5-E320-4026-8266-282AF7D8CEF1}.Release|x64.Build.0 = Release|x64
		{0B8D78D5-E320-4026-8266-282AF7D8CEF1}.Release|X86.ActiveCfg = Release|X86
		{0B8D78D5-E320-4026-8266-282AF7D8CEF1}.Release|X86.Build.0 = Release|X86
		{8AA415A0-5DB9-47D7-807F-A6CD8208D683}.Debug|.NET.ActiveCfg = Debug|Any CPU
		{8AA415A0-5DB9-47D7-807F-A6CD8208D683}.Debug|Any CPU.ActiveCfg = Debug|Any CPU
		{8AA415A0-5DB9-47D7-807F-A6CD8208D683}.Debug|Any CPU.Build.0 = Debug|Any CPU
		{8AA415A0-5DB9-47D7-807F-A6CD8208D683}.Debug|Mixed Platforms.ActiveCfg = Debug|Any CPU
		{8AA415A0-5DB9-47D7-807F-A6CD8208D683}.Debug|Mixed Platforms.Build.0 = Debug|Any CPU
		{8AA415A0-5DB9-47D7-807F-A6CD8208D683}.Debug|x64.ActiveCfg = Debug|x64
		{8AA415A0-5DB9-47D7-807F-A6CD8208D683}.Debug|x64.Build.0 = Debug|x64
		{8AA415A0-5DB9-47D7-807F-A6CD8208D683}.Debug|X86.ActiveCfg = Debug|Any CPU
		{8AA415A0-5DB9-47D7-807F-A6CD8208D683}.Release|.NET.ActiveCfg = Release|Any CPU
		{8AA415A0-5DB9-47D7-807F-A6CD8208D683}.Release|Any CPU.ActiveCfg = Release|Any CPU
		{8AA415A0-5DB9-47D7-807F-A6CD8208D683}.Release|Any CPU.Build.0 = Release|Any CPU
		{8AA415A0-5DB9-47D7-807F-A6CD8208D683}.Release|Mixed Platforms.ActiveCfg = Release|Any CPU
		{8AA415A0-5DB9-47D7-807F-A6CD8208D683}.Release|Mixed Platforms.Build.0 = Release|Any CPU
		{8AA415A0-5DB9-47D7-807F-A6CD8208D683}.Release|x64.ActiveCfg = Release|x64
		{8AA415A0-5DB9-47D7-807F-A6CD8208D683}.Release|x64.Build.0 = Release|x64
		{8AA415A0-5DB9-47D7-807F-A6CD8208D683}.Release|X86.ActiveCfg = Release|Any CPU
	EndGlobalSection
	GlobalSection(SolutionProperties) = preSolution
		HideSolutionNode = FALSE
	EndGlobalSection
	GlobalSection(ExtensibilityGlobals) = postSolution
		SolutionGuid = {3C13E527-390C-41D5-AAEE-550383E34572}
	EndGlobalSection
EndGlobal
